
Microsoft Visual Studio Solution File, Format Version 12.00
# Visual Studio Version 17
VisualStudioVersion = 17.11.35327.3
MinimumVisualStudioVersion = 10.0.40219.1
Project("{FAE04EC0-301F-11D3-BF4B-00C04F79EFBC}") = "Willingo", "Willingo.csproj", "{45A4474E-1662-4FC7-A84F-B01C200DD08D}"
EndProject
Global
	GlobalSection(SolutionConfigurationPlatforms) = preSolution
		Debug|Any CPU = Debug|Any CPU
		Release|Any CPU = Release|Any CPU
	EndGlobalSection
	GlobalSection(ProjectConfigurationPlatforms) = postSolution
		{45A4474E-1662-4FC7-A84F-B01C200DD08D}.Debug|Any CPU.ActiveCfg = Debug|Any CPU
		{45A4474E-1662-4FC7-A84F-B01C200DD08D}.Debug|Any CPU.Build.0 = Debug|Any CPU
		{45A4474E-1662-4FC7-A84F-B01C200DD08D}.Release|Any CPU.ActiveCfg = Release|Any CPU
		{45A4474E-1662-4FC7-A84F-B01C200DD08D}.Release|Any CPU.Build.0 = Release|Any CPU
	EndGlobalSection
	GlobalSection(SolutionProperties) = preSolution
		HideSolutionNode = FALSE
	EndGlobalSection
	GlobalSection(ExtensibilityGlobals) = postSolution
		SolutionGuid = {D400D29D-3E79-4A1C-BBE0-680EFE34B1CF}
	EndGlobalSection
EndGlobal
