
Microsoft Visual Studio Solution File, Format Version 12.00
# Visual Studio Version 17
VisualStudioVersion = 17.11.35327.3
MinimumVisualStudioVersion = 10.0.40219.1
Project("{FAE04EC0-301F-11D3-BF4B-00C04F79EFBC}") = "BestStoreMVC", "BestStoreMVC.csproj", "{C1CAAE0C-6209-4666-8189-2629FEFD7704}"
EndProject
Global
	GlobalSection(SolutionConfigurationPlatforms) = preSolution
		Debug|Any CPU = Debug|Any CPU
		Release|Any CPU = Release|Any CPU
	EndGlobalSection
	GlobalSection(ProjectConfigurationPlatforms) = postSolution
		{C1CAAE0C-6209-4666-8189-2629FEFD7704}.Debug|Any CPU.ActiveCfg = Debug|Any CPU
		{C1CAAE0C-6209-4666-8189-2629FEFD7704}.Debug|Any CPU.Build.0 = Debug|Any CPU
		{C1CAAE0C-6209-4666-8189-2629FEFD7704}.Release|Any CPU.ActiveCfg = Release|Any CPU
		{C1CAAE0C-6209-4666-8189-2629FEFD7704}.Release|Any CPU.Build.0 = Release|Any CPU
	EndGlobalSection
	GlobalSection(SolutionProperties) = preSolution
		HideSolutionNode = FALSE
	EndGlobalSection
	GlobalSection(ExtensibilityGlobals) = postSolution
		SolutionGuid = {7CB9D714-94C4-4D40-AF71-B9CA39B6D028}
	EndGlobalSection
EndGlobal
